// !$*UTF8*$!
{
	archiveVersion = 1;
	classes = {
	};
	objectVersion = 50;
	objects = {

/* Begin PBXBuildFile section */
		8C437F462451DE2900285B03 /* AppDelegate.swift in Sources */ = {isa = PBXBuildFile; fileRef = 8C437F452451DE2900285B03 /* AppDelegate.swift */; };
		8C437F482451DE2900285B03 /* SceneDelegate.swift in Sources */ = {isa = PBXBuildFile; fileRef = 8C437F472451DE2900285B03 /* SceneDelegate.swift */; };
		8C437F4A2451DE2900285B03 /* ViewController.swift in Sources */ = {isa = PBXBuildFile; fileRef = 8C437F492451DE2900285B03 /* ViewController.swift */; };
		8C437F4D2451DE2900285B03 /* Main.storyboard in Resources */ = {isa = PBXBuildFile; fileRef = 8C437F4B2451DE2900285B03 /* Main.storyboard */; };
		8C437F4F2451DE3000285B03 /* Assets.xcassets in Resources */ = {isa = PBXBuildFile; fileRef = 8C437F4E2451DE3000285B03 /* Assets.xcassets */; };
		8C437F522451DE3000285B03 /* LaunchScreen.storyboard in Resources */ = {isa = PBXBuildFile; fileRef = 8C437F502451DE3000285B03 /* LaunchScreen.storyboard */; };
		8C6BA97A245428EE001A5681 /* KantorModel.swift in Sources */ = {isa = PBXBuildFile; fileRef = 8C6BA979245428EE001A5681 /* KantorModel.swift */; };
		8CC39EBA24532E34008A0A5F /* KantorManager.swift in Sources */ = {isa = PBXBuildFile; fileRef = 8CC39EB924532E34008A0A5F /* KantorManager.swift */; };
		8CC39EBC24532E5D008A0A5F /* KantorData.swift in Sources */ = {isa = PBXBuildFile; fileRef = 8CC39EBB24532E5D008A0A5F /* KantorData.swift */; };
/* End PBXBuildFile section */

/* Begin PBXFileReference section */
		8C437F422451DE2900285B03 /* kantor.app */ = {isa = PBXFileReference; explicitFileType = wrapper.application; includeInIndex = 0; path = kantor.app; sourceTree = BUILT_PRODUCTS_DIR; };
		8C437F452451DE2900285B03 /* AppDelegate.swift */ = {isa = PBXFileReference; lastKnownFileType = sourcecode.swift; path = AppDelegate.swift; sourceTree = "<group>"; };
		8C437F472451DE2900285B03 /* SceneDelegate.swift */ = {isa = PBXFileReference; lastKnownFileType = sourcecode.swift; path = SceneDelegate.swift; sourceTree = "<group>"; };
		8C437F492451DE2900285B03 /* ViewController.swift */ = {isa = PBXFileReference; lastKnownFileType = sourcecode.swift; path = ViewController.swift; sourceTree = "<group>"; };
		8C437F4C2451DE2900285B03 /* Base */ = {isa = PBXFileReference; lastKnownFileType = file.storyboard; name = Base; path = Base.lproj/Main.storyboard; sourceTree = "<group>"; };
		8C437F4E2451DE3000285B03 /* Assets.xcassets */ = {isa = PBXFileReference; lastKnownFileType = folder.assetcatalog; path = Assets.xcassets; sourceTree = "<group>"; };
		8C437F512451DE3000285B03 /* Base */ = {isa = PBXFileReference; lastKnownFileType = file.storyboard; name = Base; path = Base.lproj/LaunchScreen.storyboard; sourceTree = "<group>"; };
		8C437F532451DE3000285B03 /* Info.plist */ = {isa = PBXFileReference; lastKnownFileType = text.plist.xml; path = Info.plist; sourceTree = "<group>"; };
		8C6BA979245428EE001A5681 /* KantorModel.swift */ = {isa = PBXFileReference; lastKnownFileType = sourcecode.swift; path = KantorModel.swift; sourceTree = "<group>"; };
		8CC39EB924532E34008A0A5F /* KantorManager.swift */ = {isa = PBXFileReference; lastKnownFileType = sourcecode.swift; path = KantorManager.swift; sourceTree = "<group>"; };
		8CC39EBB24532E5D008A0A5F /* KantorData.swift */ = {isa = PBXFileReference; lastKnownFileType = sourcecode.swift; path = KantorData.swift; sourceTree = "<group>"; };
/* End PBXFileReference section */

/* Begin PBXFrameworksBuildPhase section */
		8C437F3F2451DE2900285B03 /* Frameworks */ = {
			isa = PBXFrameworksBuildPhase;
			buildActionMask = 2147483647;
			files = (
			);
			runOnlyForDeploymentPostprocessing = 0;
		};
/* End PBXFrameworksBuildPhase section */

/* Begin PBXGroup section */
		8C437F392451DE2900285B03 = {
			isa = PBXGroup;
			children = (
				8C437F442451DE2900285B03 /* kantor */,
				8C437F432451DE2900285B03 /* Products */,
			);
			sourceTree = "<group>";
		};
		8C437F432451DE2900285B03 /* Products */ = {
			isa = PBXGroup;
			children = (
				8C437F422451DE2900285B03 /* kantor.app */,
			);
			name = Products;
			sourceTree = "<group>";
		};
		8C437F442451DE2900285B03 /* kantor */ = {
			isa = PBXGroup;
			children = (
				8CC39EB624532DF2008A0A5F /* Model */,
				8CC39EB724532DFF008A0A5F /* View */,
				8CC39EB824532E05008A0A5F /* Controller */,
				8C437F452451DE2900285B03 /* AppDelegate.swift */,
				8C437F472451DE2900285B03 /* SceneDelegate.swift */,
				8C437F4E2451DE3000285B03 /* Assets.xcassets */,
				8C437F502451DE3000285B03 /* LaunchScreen.storyboard */,
				8C437F532451DE3000285B03 /* Info.plist */,
			);
			path = kantor;
			sourceTree = "<group>";
		};
		8CC39EB624532DF2008A0A5F /* Model */ = {
			isa = PBXGroup;
			children = (
				8CC39EB924532E34008A0A5F /* KantorManager.swift */,
				8CC39EBB24532E5D008A0A5F /* KantorData.swift */,
				8C6BA979245428EE001A5681 /* KantorModel.swift */,
			);
			path = Model;
			sourceTree = "<group>";
		};
		8CC39EB724532DFF008A0A5F /* View */ = {
			isa = PBXGroup;
			children = (
				8C437F4B2451DE2900285B03 /* Main.storyboard */,
			);
			path = View;
			sourceTree = "<group>";
		};
		8CC39EB824532E05008A0A5F /* Controller */ = {
			isa = PBXGroup;
			children = (
				8C437F492451DE2900285B03 /* ViewController.swift */,
			);
			path = Controller;
			sourceTree = "<group>";
		};
/* End PBXGroup section */

/* Begin PBXNativeTarget section */
		8C437F412451DE2900285B03 /* kantor */ = {
			isa = PBXNativeTarget;
			buildConfigurationList = 8C437F562451DE3000285B03 /* Build configuration list for PBXNativeTarget "kantor" */;
			buildPhases = (
				8C437F3E2451DE2900285B03 /* Sources */,
				8C437F3F2451DE2900285B03 /* Frameworks */,
				8C437F402451DE2900285B03 /* Resources */,
			);
			buildRules = (
			);
			dependencies = (
			);
			name = kantor;
			productName = kantor;
			productReference = 8C437F422451DE2900285B03 /* kantor.app */;
			productType = "com.apple.product-type.application";
		};
/* End PBXNativeTarget section */

/* Begin PBXProject section */
		8C437F3A2451DE2900285B03 /* Project object */ = {
			isa = PBXProject;
			attributes = {
				LastSwiftUpdateCheck = 1140;
				LastUpgradeCheck = 1140;
				ORGANIZATIONNAME = "Kuba ";
				TargetAttributes = {
					8C437F412451DE2900285B03 = {
						CreatedOnToolsVersion = 11.4.1;
					};
				};
			};
			buildConfigurationList = 8C437F3D2451DE2900285B03 /* Build configuration list for PBXProject "kantor" */;
			compatibilityVersion = "Xcode 9.3";
			developmentRegion = en;
			hasScannedForEncodings = 0;
			knownRegions = (
				en,
				Base,
			);
			mainGroup = 8C437F392451DE2900285B03;
			productRefGroup = 8C437F432451DE2900285B03 /* Products */;
			projectDirPath = "";
			projectRoot = "";
			targets = (
				8C437F412451DE2900285B03 /* kantor */,
			);
		};
/* End PBXProject section */

/* Begin PBXResourcesBuildPhase section */
		8C437F402451DE2900285B03 /* Resources */ = {
			isa = PBXResourcesBuildPhase;
			buildActionMask = 2147483647;
			files = (
				8C437F522451DE3000285B03 /* LaunchScreen.storyboard in Resources */,
				8C437F4F2451DE3000285B03 /* Assets.xcassets in Resources */,
				8C437F4D2451DE2900285B03 /* Main.storyboard in Resources */,
			);
			runOnlyForDeploymentPostprocessing = 0;
		};
/* End PBXResourcesBuildPhase section */

/* Begin PBXSourcesBuildPhase section */
		8C437F3E2451DE2900285B03 /* Sources */ = {
			isa = PBXSourcesBuildPhase;
			buildActionMask = 2147483647;
			files = (
				8CC39EBC24532E5D008A0A5F /* KantorData.swift in Sources */,
				8CC39EBA24532E34008A0A5F /* KantorManager.swift in Sources */,
				8C437F4A2451DE2900285B03 /* ViewController.swift in Sources */,
				8C437F462451DE2900285B03 /* AppDelegate.swift in Sources */,
				8C6BA97A245428EE001A5681 /* KantorModel.swift in Sources */,
				8C437F482451DE2900285B03 /* SceneDelegate.swift in Sources */,
			);
			runOnlyForDeploymentPostprocessing = 0;
		};
/* End PBXSourcesBuildPhase section */

/* Begin PBXVariantGroup section */
		8C437F4B2451DE2900285B03 /* Main.storyboard */ = {
			isa = PBXVariantGroup;
			children = (
				8C437F4C2451DE2900285B03 /* Base */,
			);
			name = Main.storyboard;
			sourceTree = "<group>";
		};
		8C437F502451DE3000285B03 /* LaunchScreen.storyboard */ = {
			isa = PBXVariantGroup;
			children = (
				8C437F512451DE3000285B03 /* Base */,
			);
			name = LaunchScreen.storyboard;
			sourceTree = "<group>";
		};
/* End PBXVariantGroup section */

/* Begin XCBuildConfiguration section */
		8C437F542451DE3000285B03 /* Debug */ = {
			isa = XCBuildConfiguration;
			buildSettings = {
				ALWAYS_SEARCH_USER_PATHS = NO;
				CLANG_ANALYZER_NONNULL = YES;
				CLANG_ANALYZER_NUMBER_OBJECT_CONVERSION = YES_AGGRESSIVE;
				CLANG_CXX_LANGUAGE_STANDARD = "gnu++14";
				CLANG_CXX_LIBRARY = "libc++";
				CLANG_ENABLE_MODULES = YES;
				CLANG_ENABLE_OBJC_ARC = YES;
				CLANG_ENABLE_OBJC_WEAK = YES;
				CLANG_WARN_BLOCK_CAPTURE_AUTORELEASING = YES;
				CLANG_WARN_BOOL_CONVERSION = YES;
				CLANG_WARN_COMMA = YES;
				CLANG_WARN_CONSTANT_CONVERSION = YES;
				CLANG_WARN_DEPRECATED_OBJC_IMPLEMENTATIONS = YES;
				CLANG_WARN_DIRECT_OBJC_ISA_USAGE = YES_ERROR;
				CLANG_WARN_DOCUMENTATION_COMMENTS = YES;
				CLANG_WARN_EMPTY_BODY = YES;
				CLANG_WARN_ENUM_CONVERSION = YES;
				CLANG_WARN_INFINITE_RECURSION = YES;
				CLANG_WARN_INT_CONVERSION = YES;
				CLANG_WARN_NON_LITERAL_NULL_CONVERSION = YES;
				CLANG_WARN_OBJC_IMPLICIT_RETAIN_SELF = YES;
				CLANG_WARN_OBJC_LITERAL_CONVERSION = YES;
				CLANG_WARN_OBJC_ROOT_CLASS = YES_ERROR;
				CLANG_WARN_RANGE_LOOP_ANALYSIS = YES;
				CLANG_WARN_STRICT_PROTOTYPES = YES;
				CLANG_WARN_SUSPICIOUS_MOVE = YES;
				CLANG_WARN_UNGUARDED_AVAILABILITY = YES_AGGRESSIVE;
				CLANG_WARN_UNREACHABLE_CODE = YES;
				CLANG_WARN__DUPLICATE_METHOD_MATCH = YES;
				COPY_PHASE_STRIP = NO;
				DEBUG_INFORMATION_FORMAT = dwarf;
				ENABLE_STRICT_OBJC_MSGSEND = YES;
				ENABLE_TESTABILITY = YES;
				GCC_C_LANGUAGE_STANDARD = gnu11;
				GCC_DYNAMIC_NO_PIC = NO;
				GCC_NO_COMMON_BLOCKS = YES;
				GCC_OPTIMIZATION_LEVEL = 0;
				GCC_PREPROCESSOR_DEFINITIONS = (
					"DEBUG=1",
					"$(inherited)",
				);
				GCC_WARN_64_TO_32_BIT_CONVERSION = YES;
				GCC_WARN_ABOUT_RETURN_TYPE = YES_ERROR;
				GCC_WARN_UNDECLARED_SELECTOR = YES;
				GCC_WARN_UNINITIALIZED_AUTOS = YES_AGGRESSIVE;
				GCC_WARN_UNUSED_FUNCTION = YES;
				GCC_WARN_UNUSED_VARIABLE = YES;
				IPHONEOS_DEPLOYMENT_TARGET = 13.4;
				MTL_ENABLE_DEBUG_INFO = INCLUDE_SOURCE;
				MTL_FAST_MATH = YES;
				ONLY_ACTIVE_ARCH = YES;
				SDKROOT = iphoneos;
				SWIFT_ACTIVE_COMPILATION_CONDITIONS = DEBUG;
				SWIFT_OPTIMIZATION_LEVEL = "-Onone";
			};
			name = Debug;
		};
		8C437F552451DE3000285B03 /* Release */ = {
			isa = XCBuildConfiguration;
			buildSettings = {
				ALWAYS_SEARCH_USER_PATHS = NO;
				CLANG_ANALYZER_NONNULL = YES;
				CLANG_ANALYZER_NUMBER_OBJECT_CONVERSION = YES_AGGRESSIVE;
				CLANG_CXX_LANGUAGE_STANDARD = "gnu++14";
				CLANG_CXX_LIBRARY = "libc++";
				CLANG_ENABLE_MODULES = YES;
				CLANG_ENABLE_OBJC_ARC = YES;
				CLANG_ENABLE_OBJC_WEAK = YES;
				CLANG_WARN_BLOCK_CAPTURE_AUTORELEASING = YES;
				CLANG_WARN_BOOL_CONVERSION = YES;
				CLANG_WARN_COMMA = YES;
				CLANG_WARN_CONSTANT_CONVERSION = YES;
				CLANG_WARN_DEPRECATED_OBJC_IMPLEMENTATIONS = YES;
				CLANG_WARN_DIRECT_OBJC_ISA_USAGE = YES_ERROR;
				CLANG_WARN_DOCUMENTATION_COMMENTS = YES;
				CLANG_WARN_EMPTY_BODY = YES;
				CLANG_WARN_ENUM_CONVERSION = YES;
				CLANG_WARN_INFINITE_RECURSION = YES;
				CLANG_WARN_INT_CONVERSION = YES;
				CLANG_WARN_NON_LITERAL_NULL_CONVERSION = YES;
				CLANG_WARN_OBJC_IMPLICIT_RETAIN_SELF = YES;
				CLANG_WARN_OBJC_LITERAL_CONVERSION = YES;
				CLANG_WARN_OBJC_ROOT_CLASS = YES_ERROR;
				CLANG_WARN_RANGE_LOOP_ANALYSIS = YES;
				CLANG_WARN_STRICT_PROTOTYPES = YES;
				CLANG_WARN_SUSPICIOUS_MOVE = YES;
				CLANG_WARN_UNGUARDED_AVAILABILITY = YES_AGGRESSIVE;
				CLANG_WARN_UNREACHABLE_CODE = YES;
				CLANG_WARN__DUPLICATE_METHOD_MATCH = YES;
				COPY_PHASE_STRIP = NO;
				DEBUG_INFORMATION_FORMAT = "dwarf-with-dsym";
				ENABLE_NS_ASSERTIONS = NO;
				ENABLE_STRICT_OBJC_MSGSEND = YES;
				GCC_C_LANGUAGE_STANDARD = gnu11;
				GCC_NO_COMMON_BLOCKS = YES;
				GCC_WARN_64_TO_32_BIT_CONVERSION = YES;
				GCC_WARN_ABOUT_RETURN_TYPE = YES_ERROR;
				GCC_WARN_UNDECLARED_SELECTOR = YES;
				GCC_WARN_UNINITIALIZED_AUTOS = YES_AGGRESSIVE;
				GCC_WARN_UNUSED_FUNCTION = YES;
				GCC_WARN_UNUSED_VARIABLE = YES;
				IPHONEOS_DEPLOYMENT_TARGET = 13.4;
				MTL_ENABLE_DEBUG_INFO = NO;
				MTL_FAST_MATH = YES;
				SDKROOT = iphoneos;
				SWIFT_COMPILATION_MODE = wholemodule;
				SWIFT_OPTIMIZATION_LEVEL = "-O";
				VALIDATE_PRODUCT = YES;
			};
			name = Release;
		};
		8C437F572451DE3000285B03 /* Debug */ = {
			isa = XCBuildConfiguration;
			buildSettings = {
				ASSETCATALOG_COMPILER_APPICON_NAME = AppIcon;
				CODE_SIGN_STYLE = Automatic;
				INFOPLIST_FILE = kantor/Info.plist;
				LD_RUNPATH_SEARCH_PATHS = (
					"$(inherited)",
					"@executable_path/Frameworks",
				);
				PRODUCT_BUNDLE_IDENTIFIER = new.kantor;
				PRODUCT_NAME = "$(TARGET_NAME)";
				SWIFT_VERSION = 5.0;
				TARGETED_DEVICE_FAMILY = "1,2";
			};
			name = Debug;
		};
		8C437F582451DE3000285B03 /* Release */ = {
			isa = XCBuildConfiguration;
			buildSettings = {
				ASSETCATALOG_COMPILER_APPICON_NAME = AppIcon;
				CODE_SIGN_STYLE = Automatic;
				INFOPLIST_FILE = kantor/Info.plist;
				LD_RUNPATH_SEARCH_PATHS = (
					"$(inherited)",
					"@executable_path/Frameworks",
				);
				PRODUCT_BUNDLE_IDENTIFIER = new.kantor;
				PRODUCT_NAME = "$(TARGET_NAME)";
				SWIFT_VERSION = 5.0;
				TARGETED_DEVICE_FAMILY = "1,2";
			};
			name = Release;
		};
/* End XCBuildConfiguration section */

/* Begin XCConfigurationList section */
		8C437F3D2451DE2900285B03 /* Build configuration list for PBXProject "kantor" */ = {
			isa = XCConfigurationList;
			buildConfigurations = (
				8C437F542451DE3000285B03 /* Debug */,
				8C437F552451DE3000285B03 /* Release */,
			);
			defaultConfigurationIsVisible = 0;
			defaultConfigurationName = Release;
		};
		8C437F562451DE3000285B03 /* Build configuration list for PBXNativeTarget "kantor" */ = {
			isa = XCConfigurationList;
			buildConfigurations = (
				8C437F572451DE3000285B03 /* Debug */,
				8C437F582451DE3000285B03 /* Release */,
			);
			defaultConfigurationIsVisible = 0;
			defaultConfigurationName = Release;
		};
/* End XCConfigurationList section */
	};
	rootObject = 8C437F3A2451DE2900285B03 /* Project object */;
}
